
Microsoft Visual Studio Solution File, Format Version 12.00
# Visual Studio Version 17
VisualStudioVersion = 17.10.35013.160
MinimumVisualStudioVersion = 10.0.40219.1
Project("{FAE04EC0-301F-11D3-BF4B-00C04F79EFBC}") = "New Project", "New Project.csproj", "{7EDB0ECA-507B-4824-B068-F4368B936CEA}"
EndProject
Global
	GlobalSection(SolutionConfigurationPlatforms) = preSolution
		Debug|Any CPU = Debug|Any CPU
		Release|Any CPU = Release|Any CPU
	EndGlobalSection
	GlobalSection(ProjectConfigurationPlatforms) = postSolution
		{7EDB0ECA-507B-4824-B068-F4368B936CEA}.Debug|Any CPU.ActiveCfg = Debug|Any CPU
		{7EDB0ECA-507B-4824-B068-F4368B936CEA}.Debug|Any CPU.Build.0 = Debug|Any CPU
		{7EDB0ECA-507B-4824-B068-F4368B936CEA}.Release|Any CPU.ActiveCfg = Release|Any CPU
		{7EDB0ECA-507B-4824-B068-F4368B936CEA}.Release|Any CPU.Build.0 = Release|Any CPU
	EndGlobalSection
	GlobalSection(SolutionProperties) = preSolution
		HideSolutionNode = FALSE
	EndGlobalSection
	GlobalSection(ExtensibilityGlobals) = postSolution
		SolutionGuid = {23E77ECB-F0BA-407E-A743-B30B62F00665}
	EndGlobalSection
EndGlobal
